
Microsoft Visual Studio Solution File, Format Version 12.00
# Visual Studio Version 17
VisualStudioVersion = 17.0.31903.59
MinimumVisualStudioVersion = 10.0.40219.1
Project("{2150E333-8FDC-42A3-9474-1A3956D46DE8}") = "App", "App", "{F95F473B-E98A-ACD6-1986-755F447BE36F}"
EndProject
Project("{2150E333-8FDC-42A3-9474-1A3956D46DE8}") = "API", "API", "{2D60D1E5-9540-4375-9EAB-E1D93A27E86F}"
EndProject
Project("{2150E333-8FDC-42A3-9474-1A3956D46DE8}") = "Services", "Services", "{922302E1-4E70-4230-BDCF-5D341CE6F71C}"
EndProject
Project("{2150E333-8FDC-42A3-9474-1A3956D46DE8}") = "Room", "Room", "{15C008CE-5831-4F25-BC87-468399E21D63}"
	ProjectSection(SolutionItems) = preProject
		API\Services\Room\Room.Application\Room.Application.csproj = API\Services\Room\Room.Application\Room.Application.csproj
	EndProjectSection
EndProject
Project("{FAE04EC0-301F-11D3-BF4B-00C04F79EFBC}") = "Room.API", "API\Services\Room\Room.API\Room.API.csproj", "{D484FB24-B0E8-4E8A-B34F-CA2EA571B8DC}"
EndProject
Project("{FAE04EC0-301F-11D3-BF4B-00C04F79EFBC}") = "Room.Infrastructure", "API\Services\Room\Room.Infrastructure\Room.Infrastructure.csproj", "{487D11C9-7652-4AF4-86AD-630604639205}"
EndProject
Project("{FAE04EC0-301F-11D3-BF4B-00C04F79EFBC}") = "Room.Application", "API\Services\Room\Room.Application\Room.Application.csproj", "{AFA86F00-A0EF-48E8-B126-F70A5A457E1F}"
EndProject
Project("{FAE04EC0-301F-11D3-BF4B-00C04F79EFBC}") = "Room.Domain", "API\Services\Room\Room.Domain\Room.Domain.csproj", "{F8AC12F6-5A43-4EAD-B25D-D1C521453308}"
EndProject
Global
	GlobalSection(SolutionConfigurationPlatforms) = preSolution
		Debug|Any CPU = Debug|Any CPU
		Release|Any CPU = Release|Any CPU
	EndGlobalSection
	GlobalSection(ProjectConfigurationPlatforms) = postSolution
		{D484FB24-B0E8-4E8A-B34F-CA2EA571B8DC}.Debug|Any CPU.ActiveCfg = Debug|Any CPU
		{D484FB24-B0E8-4E8A-B34F-CA2EA571B8DC}.Debug|Any CPU.Build.0 = Debug|Any CPU
		{D484FB24-B0E8-4E8A-B34F-CA2EA571B8DC}.Release|Any CPU.ActiveCfg = Release|Any CPU
		{D484FB24-B0E8-4E8A-B34F-CA2EA571B8DC}.Release|Any CPU.Build.0 = Release|Any CPU
		{487D11C9-7652-4AF4-86AD-630604639205}.Debug|Any CPU.ActiveCfg = Debug|Any CPU
		{487D11C9-7652-4AF4-86AD-630604639205}.Debug|Any CPU.Build.0 = Debug|Any CPU
		{487D11C9-7652-4AF4-86AD-630604639205}.Release|Any CPU.ActiveCfg = Release|Any CPU
		{487D11C9-7652-4AF4-86AD-630604639205}.Release|Any CPU.Build.0 = Release|Any CPU
		{AFA86F00-A0EF-48E8-B126-F70A5A457E1F}.Debug|Any CPU.ActiveCfg = Debug|Any CPU
		{AFA86F00-A0EF-48E8-B126-F70A5A457E1F}.Debug|Any CPU.Build.0 = Debug|Any CPU
		{AFA86F00-A0EF-48E8-B126-F70A5A457E1F}.Release|Any CPU.ActiveCfg = Release|Any CPU
		{AFA86F00-A0EF-48E8-B126-F70A5A457E1F}.Release|Any CPU.Build.0 = Release|Any CPU
		{F8AC12F6-5A43-4EAD-B25D-D1C521453308}.Debug|Any CPU.ActiveCfg = Debug|Any CPU
		{F8AC12F6-5A43-4EAD-B25D-D1C521453308}.Debug|Any CPU.Build.0 = Debug|Any CPU
		{F8AC12F6-5A43-4EAD-B25D-D1C521453308}.Release|Any CPU.ActiveCfg = Release|Any CPU
		{F8AC12F6-5A43-4EAD-B25D-D1C521453308}.Release|Any CPU.Build.0 = Release|Any CPU
	EndGlobalSection
	GlobalSection(SolutionProperties) = preSolution
		HideSolutionNode = FALSE
	EndGlobalSection
	GlobalSection(NestedProjects) = preSolution
		{922302E1-4E70-4230-BDCF-5D341CE6F71C} = {2D60D1E5-9540-4375-9EAB-E1D93A27E86F}
		{15C008CE-5831-4F25-BC87-468399E21D63} = {922302E1-4E70-4230-BDCF-5D341CE6F71C}
		{D484FB24-B0E8-4E8A-B34F-CA2EA571B8DC} = {15C008CE-5831-4F25-BC87-468399E21D63}
		{487D11C9-7652-4AF4-86AD-630604639205} = {15C008CE-5831-4F25-BC87-468399E21D63}
		{AFA86F00-A0EF-48E8-B126-F70A5A457E1F} = {15C008CE-5831-4F25-BC87-468399E21D63}
		{F8AC12F6-5A43-4EAD-B25D-D1C521453308} = {15C008CE-5831-4F25-BC87-468399E21D63}
	EndGlobalSection
EndGlobal
